
Microsoft Visual Studio Solution File, Format Version 12.00
# Visual Studio Version 17
VisualStudioVersion = 17.11.35222.181
MinimumVisualStudioVersion = 10.0.40219.1
Project("{FAE04EC0-301F-11D3-BF4B-00C04F79EFBC}") = "Salva", "Salva\Salva.csproj", "{A4349984-FE9F-4D51-B053-1832A9FA948E}"
EndProject
Global
	GlobalSection(SolutionConfigurationPlatforms) = preSolution
		Debug|Any CPU = Debug|Any CPU
		Release|Any CPU = Release|Any CPU
	EndGlobalSection
	GlobalSection(ProjectConfigurationPlatforms) = postSolution
		{A4349984-FE9F-4D51-B053-1832A9FA948E}.Debug|Any CPU.ActiveCfg = Debug|Any CPU
		{A4349984-FE9F-4D51-B053-1832A9FA948E}.Debug|Any CPU.Build.0 = Debug|Any CPU
		{A4349984-FE9F-4D51-B053-1832A9FA948E}.Release|Any CPU.ActiveCfg = Release|Any CPU
		{A4349984-FE9F-4D51-B053-1832A9FA948E}.Release|Any CPU.Build.0 = Release|Any CPU
	EndGlobalSection
	GlobalSection(SolutionProperties) = preSolution
		HideSolutionNode = FALSE
	EndGlobalSection
	GlobalSection(ExtensibilityGlobals) = postSolution
		SolutionGuid = {C5D30629-23D7-4393-A131-559640B72E2C}
	EndGlobalSection
EndGlobal
